// !$*UTF8*$!
{
	archiveVersion = 1;
	classes = {
	};
	objectVersion = 56;
	objects = {

/* Begin PBXBuildFile section */
		1709ED352C45A02100A83FF2 /* HealthKitUtils.swift in Sources */ = {isa = PBXBuildFile; fileRef = 1709ED342C45A02100A83FF2 /* HealthKitUtils.swift */; };
		1709ED372C45A22A00A83FF2 /* WorkoutManager.swift in Sources */ = {isa = PBXBuildFile; fileRef = 1709ED362C45A22A00A83FF2 /* WorkoutManager.swift */; };
		172CAC7A2C58FD4F00B78C1F /* WebSocketManager.swift in Sources */ = {isa = PBXBuildFile; fileRef = 172CAC792C58FD4F00B78C1F /* WebSocketManager.swift */; };
		172CAC7C2C58FF6E00B78C1F /* AudioStreamDecoder.swift in Sources */ = {isa = PBXBuildFile; fileRef = 172CAC7B2C58FF6E00B78C1F /* AudioStreamDecoder.swift */; };
		176DECE32C5CDF6E00670EB5 /* UIUtils.swift in Sources */ = {isa = PBXBuildFile; fileRef = 176DECE22C5CDF6E00670EB5 /* UIUtils.swift */; };
		176DECE52C5CE1E100670EB5 /* OnboardingLoadAnimation.swift in Sources */ = {isa = PBXBuildFile; fileRef = 176DECE42C5CE1E100670EB5 /* OnboardingLoadAnimation.swift */; };
		1787C78A2C5796700063EA53 /* AudioStreamManager.swift in Sources */ = {isa = PBXBuildFile; fileRef = 1787C7892C5796700063EA53 /* AudioStreamManager.swift */; };
		1796163C2C4671D400A5B474 /* LocationManager.swift in Sources */ = {isa = PBXBuildFile; fileRef = 1796163B2C4671D400A5B474 /* LocationManager.swift */; };
		17AB045E2C5BC8A0002F067B /* OnboardingMap.swift in Sources */ = {isa = PBXBuildFile; fileRef = 17AB045D2C5BC8A0002F067B /* OnboardingMap.swift */; };
		17B097EE2C57CC6D009C71FA /* ServerModel.swift in Sources */ = {isa = PBXBuildFile; fileRef = 17B097ED2C57CC6D009C71FA /* ServerModel.swift */; };
		17B097F02C57CCB1009C71FA /* NetworkManager.swift in Sources */ = {isa = PBXBuildFile; fileRef = 17B097EF2C57CCB1009C71FA /* NetworkManager.swift */; };
		17B097F22C57CCEE009C71FA /* RequestData.swift in Sources */ = {isa = PBXBuildFile; fileRef = 17B097F12C57CCEE009C71FA /* RequestData.swift */; };
		17D399752C46FDC7005A9180 /* PolarBleSdk in Frameworks */ = {isa = PBXBuildFile; productRef = 17D399742C46FDC7005A9180 /* PolarBleSdk */; };
		17D399772C470104005A9180 /* PolarAPI.swift in Sources */ = {isa = PBXBuildFile; fileRef = 17D399762C470104005A9180 /* PolarAPI.swift */; };
		17D399792C470BE9005A9180 /* DeviceSearchView.swift in Sources */ = {isa = PBXBuildFile; fileRef = 17D399782C470BE9005A9180 /* DeviceSearchView.swift */; };
		17DC1F612C57E2EB0055F859 /* AppDelegate.swift in Sources */ = {isa = PBXBuildFile; fileRef = 17DC1F5F2C57E2DF0055F859 /* AppDelegate.swift */; };
		17E3EBF32C4522D100F6ACB2 /* OnboardingView.swift in Sources */ = {isa = PBXBuildFile; fileRef = 17E3EBF22C4522D100F6ACB2 /* OnboardingView.swift */; };
		17E3EBF52C45254F00F6ACB2 /* OnboardingDropdown.swift in Sources */ = {isa = PBXBuildFile; fileRef = 17E3EBF42C45254F00F6ACB2 /* OnboardingDropdown.swift */; };
		17E3EBF72C4528A600F6ACB2 /* WorkoutView.swift in Sources */ = {isa = PBXBuildFile; fileRef = 17E3EBF62C4528A600F6ACB2 /* WorkoutView.swift */; };
		17E3EBFB2C45297000F6ACB2 /* WorkoutStats.swift in Sources */ = {isa = PBXBuildFile; fileRef = 17E3EBFA2C45297000F6ACB2 /* WorkoutStats.swift */; };
		17E3EBFD2C4530CF00F6ACB2 /* WorkoutMap.swift in Sources */ = {isa = PBXBuildFile; fileRef = 17E3EBFC2C4530CF00F6ACB2 /* WorkoutMap.swift */; };
		17E3EBFF2C45310700F6ACB2 /* WorkoutControl.swift in Sources */ = {isa = PBXBuildFile; fileRef = 17E3EBFE2C45310700F6ACB2 /* WorkoutControl.swift */; };
		17EA447D2C41436B000F3AC4 /* RecapItem.swift in Sources */ = {isa = PBXBuildFile; fileRef = 17EA447C2C41436B000F3AC4 /* RecapItem.swift */; };
		17EA44812C4144F9000F3AC4 /* RecapList.swift in Sources */ = {isa = PBXBuildFile; fileRef = 17EA44802C4144F9000F3AC4 /* RecapList.swift */; };
		17EA44862C4146E5000F3AC4 /* Workout.swift in Sources */ = {isa = PBXBuildFile; fileRef = 17EA44852C4146E5000F3AC4 /* Workout.swift */; };
		17EA44882C414AD8000F3AC4 /* ModelData.swift in Sources */ = {isa = PBXBuildFile; fileRef = 17EA44872C414AD8000F3AC4 /* ModelData.swift */; };
		17EA448A2C414B1A000F3AC4 /* recaps.json in Resources */ = {isa = PBXBuildFile; fileRef = 17EA44892C414B1A000F3AC4 /* recaps.json */; };
		E90B0A162C171F8B00D65BBE /* pulseLLWatchApp.swift in Sources */ = {isa = PBXBuildFile; fileRef = E90B0A152C171F8B00D65BBE /* pulseLLWatchApp.swift */; };
		E90B0A182C171F8B00D65BBE /* ContentView.swift in Sources */ = {isa = PBXBuildFile; fileRef = E90B0A172C171F8B00D65BBE /* ContentView.swift */; };
		E90B0A1A2C171F8D00D65BBE /* Assets.xcassets in Resources */ = {isa = PBXBuildFile; fileRef = E90B0A192C171F8D00D65BBE /* Assets.xcassets */; };
		E90B0A1D2C171F8D00D65BBE /* Preview Assets.xcassets in Resources */ = {isa = PBXBuildFile; fileRef = E90B0A1C2C171F8D00D65BBE /* Preview Assets.xcassets */; };
		E90B0A202C171F8D00D65BBE /* pulseLLWatch Watch App.app in Embed Watch Content */ = {isa = PBXBuildFile; fileRef = E90B0A132C171F8B00D65BBE /* pulseLLWatch Watch App.app */; settings = {ATTRIBUTES = (RemoveHeadersOnCopy, ); }; };
		E90B0A262C171FA900D65BBE /* WatchConnector.swift in Sources */ = {isa = PBXBuildFile; fileRef = E90B0A252C171FA900D65BBE /* WatchConnector.swift */; };
		E90B0A282C171FCB00D65BBE /* iPhoneConnector.swift in Sources */ = {isa = PBXBuildFile; fileRef = E90B0A272C171FCB00D65BBE /* iPhoneConnector.swift */; };
		E90B0A322C172EF100D65BBE /* pulseLLTabView.swift in Sources */ = {isa = PBXBuildFile; fileRef = E90B0A312C172EF100D65BBE /* pulseLLTabView.swift */; };
		E90B0A362C172F0B00D65BBE /* HeartRateView.swift in Sources */ = {isa = PBXBuildFile; fileRef = E90B0A352C172F0B00D65BBE /* HeartRateView.swift */; };
		E92C5F932C5CEE8E00820B47 /* testCard.swift in Sources */ = {isa = PBXBuildFile; fileRef = E92C5F922C5CEE8E00820B47 /* testCard.swift */; };
		E96CEDE42C57A07100896C0D /* WorkoutManageriOS.swift in Sources */ = {isa = PBXBuildFile; fileRef = E96CEDE32C57A07100896C0D /* WorkoutManageriOS.swift */; };
		E96CEDE72C57A7C500896C0D /* WorkoutManagerWatchOS.swift in Sources */ = {isa = PBXBuildFile; fileRef = E96CEDE52C57A7C500896C0D /* WorkoutManagerWatchOS.swift */; };
		E96CEDE92C57AD2400896C0D /* Logger.swift in Sources */ = {isa = PBXBuildFile; fileRef = E96CEDE82C57AD2400896C0D /* Logger.swift */; };
		E96CEDEA2C57AF9900896C0D /* WorkoutManager.swift in Sources */ = {isa = PBXBuildFile; fileRef = 1709ED362C45A22A00A83FF2 /* WorkoutManager.swift */; };
		E96CEDEB2C57B08200896C0D /* Logger.swift in Sources */ = {isa = PBXBuildFile; fileRef = E96CEDE82C57AD2400896C0D /* Logger.swift */; };
		E96CEDED2C57C6D000896C0D /* ControlView.swift in Sources */ = {isa = PBXBuildFile; fileRef = E96CEDEC2C57C6D000896C0D /* ControlView.swift */; };
		E96CEDEF2C57C72F00896C0D /* ButtonLabel.swift in Sources */ = {isa = PBXBuildFile; fileRef = E96CEDEE2C57C72F00896C0D /* ButtonLabel.swift */; };
		E96CEDF02C57C75500896C0D /* ButtonLabel.swift in Sources */ = {isa = PBXBuildFile; fileRef = E96CEDEE2C57C72F00896C0D /* ButtonLabel.swift */; };
		E9805FCD2C5BCEFE006C7F19 /* workoutCardView.swift in Sources */ = {isa = PBXBuildFile; fileRef = E9805FCC2C5BCEFE006C7F19 /* workoutCardView.swift */; };
		E9805FCF2C5BD505006C7F19 /* soundwave.png in Resources */ = {isa = PBXBuildFile; fileRef = E9805FCE2C5BD504006C7F19 /* soundwave.png */; };
		E9953FAD2C16FA070035C836 /* pulseLLApp.swift in Sources */ = {isa = PBXBuildFile; fileRef = E9953FAC2C16FA070035C836 /* pulseLLApp.swift */; };
		E9953FAF2C16FA070035C836 /* HomeView.swift in Sources */ = {isa = PBXBuildFile; fileRef = E9953FAE2C16FA070035C836 /* HomeView.swift */; };
		E9953FB12C16FA0A0035C836 /* Assets.xcassets in Resources */ = {isa = PBXBuildFile; fileRef = E9953FB02C16FA0A0035C836 /* Assets.xcassets */; };
		E9953FB42C16FA0A0035C836 /* Preview Assets.xcassets in Resources */ = {isa = PBXBuildFile; fileRef = E9953FB32C16FA0A0035C836 /* Preview Assets.xcassets */; };
		E9BCCE792C5A477000C96FD9 /* UserIDManager.swift in Sources */ = {isa = PBXBuildFile; fileRef = E9BCCE782C5A477000C96FD9 /* UserIDManager.swift */; };
		E9BCCE7A2C5A477000C96FD9 /* UserIDManager.swift in Sources */ = {isa = PBXBuildFile; fileRef = E9BCCE782C5A477000C96FD9 /* UserIDManager.swift */; };
		E9BFBABF2C58F9E600712627 /* ElapsedTimeView.swift in Sources */ = {isa = PBXBuildFile; fileRef = E9BFBABE2C58F9E600712627 /* ElapsedTimeView.swift */; };
		E9BFBAC02C58F9E600712627 /* ElapsedTimeView.swift in Sources */ = {isa = PBXBuildFile; fileRef = E9BFBABE2C58F9E600712627 /* ElapsedTimeView.swift */; };
		E9BFBAC22C58FF7700712627 /* MetricsTimelineSchedule.swift in Sources */ = {isa = PBXBuildFile; fileRef = E9BFBAC12C58FF7700712627 /* MetricsTimelineSchedule.swift */; };
		E9BFBAC32C58FF7700712627 /* MetricsTimelineSchedule.swift in Sources */ = {isa = PBXBuildFile; fileRef = E9BFBAC12C58FF7700712627 /* MetricsTimelineSchedule.swift */; };
		E9CF09682C5CE7760081636D /* workoutCardAudioView.swift in Sources */ = {isa = PBXBuildFile; fileRef = E9CF09672C5CE7760081636D /* workoutCardAudioView.swift */; };
		E9CF096A2C5CE7D40081636D /* workoutCardHolderView.swift in Sources */ = {isa = PBXBuildFile; fileRef = E9CF09692C5CE7D40081636D /* workoutCardHolderView.swift */; };
		E9FB349A2C5A7D7C00ECBCA5 /* connectionManager.swift in Sources */ = {isa = PBXBuildFile; fileRef = E9FB34992C5A7D7C00ECBCA5 /* connectionManager.swift */; };
/* End PBXBuildFile section */

/* Begin PBXContainerItemProxy section */
		E90B0A1E2C171F8D00D65BBE /* PBXContainerItemProxy */ = {
			isa = PBXContainerItemProxy;
			containerPortal = E9953FA12C16FA070035C836 /* Project object */;
			proxyType = 1;
			remoteGlobalIDString = E90B0A122C171F8B00D65BBE;
			remoteInfo = "pulseLLWatch Watch App";
		};
/* End PBXContainerItemProxy section */

/* Begin PBXCopyFilesBuildPhase section */
		E90B0A212C171F8D00D65BBE /* Embed Watch Content */ = {
			isa = PBXCopyFilesBuildPhase;
			buildActionMask = 2147483647;
			dstPath = "$(CONTENTS_FOLDER_PATH)/Watch";
			dstSubfolderSpec = 16;
			files = (
				E90B0A202C171F8D00D65BBE /* pulseLLWatch Watch App.app in Embed Watch Content */,
			);
			name = "Embed Watch Content";
			runOnlyForDeploymentPostprocessing = 0;
		};
/* End PBXCopyFilesBuildPhase section */

/* Begin PBXFileReference section */
		1709ED342C45A02100A83FF2 /* HealthKitUtils.swift */ = {isa = PBXFileReference; lastKnownFileType = sourcecode.swift; path = HealthKitUtils.swift; sourceTree = "<group>"; };
		1709ED362C45A22A00A83FF2 /* WorkoutManager.swift */ = {isa = PBXFileReference; lastKnownFileType = sourcecode.swift; path = WorkoutManager.swift; sourceTree = "<group>"; };
		172CAC792C58FD4F00B78C1F /* WebSocketManager.swift */ = {isa = PBXFileReference; lastKnownFileType = sourcecode.swift; path = WebSocketManager.swift; sourceTree = "<group>"; };
		172CAC7B2C58FF6E00B78C1F /* AudioStreamDecoder.swift */ = {isa = PBXFileReference; lastKnownFileType = sourcecode.swift; path = AudioStreamDecoder.swift; sourceTree = "<group>"; };
		176DECE22C5CDF6E00670EB5 /* UIUtils.swift */ = {isa = PBXFileReference; lastKnownFileType = sourcecode.swift; path = UIUtils.swift; sourceTree = "<group>"; };
		176DECE42C5CE1E100670EB5 /* OnboardingLoadAnimation.swift */ = {isa = PBXFileReference; lastKnownFileType = sourcecode.swift; path = OnboardingLoadAnimation.swift; sourceTree = "<group>"; };
		1787C7892C5796700063EA53 /* AudioStreamManager.swift */ = {isa = PBXFileReference; lastKnownFileType = sourcecode.swift; path = AudioStreamManager.swift; sourceTree = "<group>"; };
		1796163B2C4671D400A5B474 /* LocationManager.swift */ = {isa = PBXFileReference; lastKnownFileType = sourcecode.swift; path = LocationManager.swift; sourceTree = "<group>"; };
		17AB045D2C5BC8A0002F067B /* OnboardingMap.swift */ = {isa = PBXFileReference; fileEncoding = 4; lastKnownFileType = sourcecode.swift; path = OnboardingMap.swift; sourceTree = "<group>"; };
		17B097ED2C57CC6D009C71FA /* ServerModel.swift */ = {isa = PBXFileReference; lastKnownFileType = sourcecode.swift; path = ServerModel.swift; sourceTree = "<group>"; };
		17B097EF2C57CCB1009C71FA /* NetworkManager.swift */ = {isa = PBXFileReference; lastKnownFileType = sourcecode.swift; path = NetworkManager.swift; sourceTree = "<group>"; };
		17B097F12C57CCEE009C71FA /* RequestData.swift */ = {isa = PBXFileReference; lastKnownFileType = sourcecode.swift; path = RequestData.swift; sourceTree = "<group>"; };
		17D399762C470104005A9180 /* PolarAPI.swift */ = {isa = PBXFileReference; lastKnownFileType = sourcecode.swift; path = PolarAPI.swift; sourceTree = "<group>"; };
		17D399782C470BE9005A9180 /* DeviceSearchView.swift */ = {isa = PBXFileReference; lastKnownFileType = sourcecode.swift; path = DeviceSearchView.swift; sourceTree = "<group>"; };
		17DC1F5F2C57E2DF0055F859 /* AppDelegate.swift */ = {isa = PBXFileReference; lastKnownFileType = sourcecode.swift; path = AppDelegate.swift; sourceTree = "<group>"; };
		17E3EBF22C4522D100F6ACB2 /* OnboardingView.swift */ = {isa = PBXFileReference; lastKnownFileType = sourcecode.swift; path = OnboardingView.swift; sourceTree = "<group>"; };
		17E3EBF42C45254F00F6ACB2 /* OnboardingDropdown.swift */ = {isa = PBXFileReference; lastKnownFileType = sourcecode.swift; path = OnboardingDropdown.swift; sourceTree = "<group>"; };
		17E3EBF62C4528A600F6ACB2 /* WorkoutView.swift */ = {isa = PBXFileReference; lastKnownFileType = sourcecode.swift; path = WorkoutView.swift; sourceTree = "<group>"; };
		17E3EBFA2C45297000F6ACB2 /* WorkoutStats.swift */ = {isa = PBXFileReference; lastKnownFileType = sourcecode.swift; path = WorkoutStats.swift; sourceTree = "<group>"; };
		17E3EBFC2C4530CF00F6ACB2 /* WorkoutMap.swift */ = {isa = PBXFileReference; lastKnownFileType = sourcecode.swift; path = WorkoutMap.swift; sourceTree = "<group>"; };
		17E3EBFE2C45310700F6ACB2 /* WorkoutControl.swift */ = {isa = PBXFileReference; lastKnownFileType = sourcecode.swift; path = WorkoutControl.swift; sourceTree = "<group>"; };
		17EA447C2C41436B000F3AC4 /* RecapItem.swift */ = {isa = PBXFileReference; lastKnownFileType = sourcecode.swift; path = RecapItem.swift; sourceTree = "<group>"; };
		17EA44802C4144F9000F3AC4 /* RecapList.swift */ = {isa = PBXFileReference; lastKnownFileType = sourcecode.swift; path = RecapList.swift; sourceTree = "<group>"; };
		17EA44852C4146E5000F3AC4 /* Workout.swift */ = {isa = PBXFileReference; lastKnownFileType = sourcecode.swift; path = Workout.swift; sourceTree = "<group>"; };
		17EA44872C414AD8000F3AC4 /* ModelData.swift */ = {isa = PBXFileReference; lastKnownFileType = sourcecode.swift; path = ModelData.swift; sourceTree = "<group>"; };
		17EA44892C414B1A000F3AC4 /* recaps.json */ = {isa = PBXFileReference; fileEncoding = 4; lastKnownFileType = text.json; path = recaps.json; sourceTree = "<group>"; };
		E90B0A132C171F8B00D65BBE /* pulseLLWatch Watch App.app */ = {isa = PBXFileReference; explicitFileType = wrapper.application; includeInIndex = 0; path = "pulseLLWatch Watch App.app"; sourceTree = BUILT_PRODUCTS_DIR; };
		E90B0A152C171F8B00D65BBE /* pulseLLWatchApp.swift */ = {isa = PBXFileReference; lastKnownFileType = sourcecode.swift; path = pulseLLWatchApp.swift; sourceTree = "<group>"; };
		E90B0A172C171F8B00D65BBE /* ContentView.swift */ = {isa = PBXFileReference; lastKnownFileType = sourcecode.swift; path = ContentView.swift; sourceTree = "<group>"; };
		E90B0A192C171F8D00D65BBE /* Assets.xcassets */ = {isa = PBXFileReference; lastKnownFileType = folder.assetcatalog; path = Assets.xcassets; sourceTree = "<group>"; };
		E90B0A1C2C171F8D00D65BBE /* Preview Assets.xcassets */ = {isa = PBXFileReference; lastKnownFileType = folder.assetcatalog; path = "Preview Assets.xcassets"; sourceTree = "<group>"; };
		E90B0A252C171FA900D65BBE /* WatchConnector.swift */ = {isa = PBXFileReference; lastKnownFileType = sourcecode.swift; path = WatchConnector.swift; sourceTree = "<group>"; };
		E90B0A272C171FCB00D65BBE /* iPhoneConnector.swift */ = {isa = PBXFileReference; lastKnownFileType = sourcecode.swift; path = iPhoneConnector.swift; sourceTree = "<group>"; };
		E90B0A312C172EF100D65BBE /* pulseLLTabView.swift */ = {isa = PBXFileReference; lastKnownFileType = sourcecode.swift; path = pulseLLTabView.swift; sourceTree = "<group>"; };
		E90B0A352C172F0B00D65BBE /* HeartRateView.swift */ = {isa = PBXFileReference; lastKnownFileType = sourcecode.swift; path = HeartRateView.swift; sourceTree = "<group>"; };
		E90B0A372C1731C300D65BBE /* pulseLL.entitlements */ = {isa = PBXFileReference; lastKnownFileType = text.plist.entitlements; path = pulseLL.entitlements; sourceTree = "<group>"; };
		E90B0A382C1731D900D65BBE /* pulseLLWatch Watch App.entitlements */ = {isa = PBXFileReference; lastKnownFileType = text.plist.entitlements; path = "pulseLLWatch Watch App.entitlements"; sourceTree = "<group>"; };
		E90B0A392C17341400D65BBE /* Info.plist */ = {isa = PBXFileReference; lastKnownFileType = text.plist.xml; path = Info.plist; sourceTree = "<group>"; };
		E92C5F922C5CEE8E00820B47 /* testCard.swift */ = {isa = PBXFileReference; lastKnownFileType = sourcecode.swift; path = testCard.swift; sourceTree = "<group>"; };
		E96CEDE32C57A07100896C0D /* WorkoutManageriOS.swift */ = {isa = PBXFileReference; lastKnownFileType = sourcecode.swift; path = WorkoutManageriOS.swift; sourceTree = "<group>"; };
		E96CEDE52C57A7C500896C0D /* WorkoutManagerWatchOS.swift */ = {isa = PBXFileReference; lastKnownFileType = sourcecode.swift; path = WorkoutManagerWatchOS.swift; sourceTree = "<group>"; };
		E96CEDE82C57AD2400896C0D /* Logger.swift */ = {isa = PBXFileReference; lastKnownFileType = sourcecode.swift; path = Logger.swift; sourceTree = "<group>"; };
		E96CEDEC2C57C6D000896C0D /* ControlView.swift */ = {isa = PBXFileReference; lastKnownFileType = sourcecode.swift; path = ControlView.swift; sourceTree = "<group>"; };
		E96CEDEE2C57C72F00896C0D /* ButtonLabel.swift */ = {isa = PBXFileReference; lastKnownFileType = sourcecode.swift; path = ButtonLabel.swift; sourceTree = "<group>"; };
		E9805FCC2C5BCEFE006C7F19 /* workoutCardView.swift */ = {isa = PBXFileReference; lastKnownFileType = sourcecode.swift; path = workoutCardView.swift; sourceTree = "<group>"; };
		E9805FCE2C5BD504006C7F19 /* soundwave.png */ = {isa = PBXFileReference; lastKnownFileType = image.png; path = soundwave.png; sourceTree = "<group>"; };
		E9953FA92C16FA070035C836 /* pulseLL.app */ = {isa = PBXFileReference; explicitFileType = wrapper.application; includeInIndex = 0; path = pulseLL.app; sourceTree = BUILT_PRODUCTS_DIR; };
		E9953FAC2C16FA070035C836 /* pulseLLApp.swift */ = {isa = PBXFileReference; lastKnownFileType = sourcecode.swift; path = pulseLLApp.swift; sourceTree = "<group>"; };
		E9953FAE2C16FA070035C836 /* HomeView.swift */ = {isa = PBXFileReference; lastKnownFileType = sourcecode.swift; path = HomeView.swift; sourceTree = "<group>"; };
		E9953FB02C16FA0A0035C836 /* Assets.xcassets */ = {isa = PBXFileReference; lastKnownFileType = folder.assetcatalog; path = Assets.xcassets; sourceTree = "<group>"; };
		E9953FB32C16FA0A0035C836 /* Preview Assets.xcassets */ = {isa = PBXFileReference; lastKnownFileType = folder.assetcatalog; path = "Preview Assets.xcassets"; sourceTree = "<group>"; };
		E9BCCE782C5A477000C96FD9 /* UserIDManager.swift */ = {isa = PBXFileReference; lastKnownFileType = sourcecode.swift; path = UserIDManager.swift; sourceTree = "<group>"; };
		E9BFBABE2C58F9E600712627 /* ElapsedTimeView.swift */ = {isa = PBXFileReference; lastKnownFileType = sourcecode.swift; path = ElapsedTimeView.swift; sourceTree = "<group>"; };
		E9BFBAC12C58FF7700712627 /* MetricsTimelineSchedule.swift */ = {isa = PBXFileReference; lastKnownFileType = sourcecode.swift; path = MetricsTimelineSchedule.swift; sourceTree = "<group>"; };
		E9CF09672C5CE7760081636D /* workoutCardAudioView.swift */ = {isa = PBXFileReference; lastKnownFileType = sourcecode.swift; path = workoutCardAudioView.swift; sourceTree = "<group>"; };
		E9CF09692C5CE7D40081636D /* workoutCardHolderView.swift */ = {isa = PBXFileReference; lastKnownFileType = sourcecode.swift; path = workoutCardHolderView.swift; sourceTree = "<group>"; };
		E9FB34992C5A7D7C00ECBCA5 /* connectionManager.swift */ = {isa = PBXFileReference; lastKnownFileType = sourcecode.swift; path = connectionManager.swift; sourceTree = "<group>"; };
		E9FDAA002C57D71B00249100 /* pulseLLWatch Watch App.entitlements */ = {isa = PBXFileReference; lastKnownFileType = text.plist.entitlements; path = "pulseLLWatch Watch App.entitlements"; sourceTree = "<group>"; };
		E9FDAA012C57D73300249100 /* pulseLL.entitlements */ = {isa = PBXFileReference; lastKnownFileType = text.plist.entitlements; path = pulseLL.entitlements; sourceTree = "<group>"; };
		E9FDAA022C58E05B00249100 /* pulseLLWatch-Watch-App-Info.plist */ = {isa = PBXFileReference; lastKnownFileType = text.plist; path = "pulseLLWatch-Watch-App-Info.plist"; sourceTree = "<group>"; };
/* End PBXFileReference section */

/* Begin PBXFrameworksBuildPhase section */
		E90B0A102C171F8B00D65BBE /* Frameworks */ = {
			isa = PBXFrameworksBuildPhase;
			buildActionMask = 2147483647;
			files = (
			);
			runOnlyForDeploymentPostprocessing = 0;
		};
		E9953FA62C16FA070035C836 /* Frameworks */ = {
			isa = PBXFrameworksBuildPhase;
			buildActionMask = 2147483647;
			files = (
				17D399752C46FDC7005A9180 /* PolarBleSdk in Frameworks */,
			);
			runOnlyForDeploymentPostprocessing = 0;
		};
/* End PBXFrameworksBuildPhase section */

/* Begin PBXGroup section */
		1709ED332C4598E700A83FF2 /* Main */ = {
			isa = PBXGroup;
			children = (
				17EA447C2C41436B000F3AC4 /* RecapItem.swift */,
				17EA44802C4144F9000F3AC4 /* RecapList.swift */,
			);
			path = Main;
			sourceTree = "<group>";
		};
		17626A422C413689006922C1 /* Views */ = {
			isa = PBXGroup;
			children = (
				1709ED332C4598E700A83FF2 /* Main */,
				17E3EBF02C45222900F6ACB2 /* Workout */,
				17E3EBF12C45223000F6ACB2 /* Onboarding */,
				E9953FAE2C16FA070035C836 /* HomeView.swift */,
				E9805FCB2C5BCED3006C7F19 /* WorkoutCards */,
				17D399782C470BE9005A9180 /* DeviceSearchView.swift */,
			);
			name = Views;
			path = ../Views;
			sourceTree = "<group>";
		};
		17626A432C413699006922C1 /* Models */ = {
			isa = PBXGroup;
			children = (
				17EA44852C4146E5000F3AC4 /* Workout.swift */,
				17EA44872C414AD8000F3AC4 /* ModelData.swift */,
				17B097ED2C57CC6D009C71FA /* ServerModel.swift */,
				17B097F12C57CCEE009C71FA /* RequestData.swift */,
			);
			path = Models;
			sourceTree = "<group>";
		};
		17626A452C4136B3006922C1 /* Utils */ = {
			isa = PBXGroup;
			children = (
				E90B0A252C171FA900D65BBE /* WatchConnector.swift */,
				1709ED342C45A02100A83FF2 /* HealthKitUtils.swift */,
				172CAC7B2C58FF6E00B78C1F /* AudioStreamDecoder.swift */,
				176DECE22C5CDF6E00670EB5 /* UIUtils.swift */,
			);
			path = Utils;
			sourceTree = "<group>";
		};
		177D8BB02C45AA6600E1D144 /* Controller */ = {
			isa = PBXGroup;
			children = (
				17B097EF2C57CCB1009C71FA /* NetworkManager.swift */,
				1787C7892C5796700063EA53 /* AudioStreamManager.swift */,
				1796163B2C4671D400A5B474 /* LocationManager.swift */,
				17D399762C470104005A9180 /* PolarAPI.swift */,
				172CAC792C58FD4F00B78C1F /* WebSocketManager.swift */,
			);
			path = Controller;
			sourceTree = "<group>";
		};
		17E3EBF02C45222900F6ACB2 /* Workout */ = {
			isa = PBXGroup;
			children = (
				17E3EBF62C4528A600F6ACB2 /* WorkoutView.swift */,
				17E3EBFE2C45310700F6ACB2 /* WorkoutControl.swift */,
				17E3EBFA2C45297000F6ACB2 /* WorkoutStats.swift */,
				17E3EBFC2C4530CF00F6ACB2 /* WorkoutMap.swift */,
			);
			path = Workout;
			sourceTree = "<group>";
		};
		17E3EBF12C45223000F6ACB2 /* Onboarding */ = {
			isa = PBXGroup;
			children = (
				17E3EBF22C4522D100F6ACB2 /* OnboardingView.swift */,
				17E3EBF42C45254F00F6ACB2 /* OnboardingDropdown.swift */,
				17AB045D2C5BC8A0002F067B /* OnboardingMap.swift */,
				176DECE42C5CE1E100670EB5 /* OnboardingLoadAnimation.swift */,
			);
			path = Onboarding;
			sourceTree = "<group>";
		};
		17EA44822C41465D000F3AC4 /* Resources */ = {
			isa = PBXGroup;
			children = (
				E9805FCE2C5BD504006C7F19 /* soundwave.png */,
				17EA44892C414B1A000F3AC4 /* recaps.json */,
			);
			path = Resources;
			sourceTree = "<group>";
		};
		E90B0A142C171F8B00D65BBE /* pulseLLWatch Watch App */ = {
			isa = PBXGroup;
			children = (
				E90B0A382C1731D900D65BBE /* pulseLLWatch Watch App.entitlements */,
				E90B0A152C171F8B00D65BBE /* pulseLLWatchApp.swift */,
				17DC1F5F2C57E2DF0055F859 /* AppDelegate.swift */,
				E96CEDEC2C57C6D000896C0D /* ControlView.swift */,
				E90B0A172C171F8B00D65BBE /* ContentView.swift */,
				E90B0A272C171FCB00D65BBE /* iPhoneConnector.swift */,
				E90B0A192C171F8D00D65BBE /* Assets.xcassets */,
				E90B0A1B2C171F8D00D65BBE /* Preview Content */,
			);
			path = "pulseLLWatch Watch App";
			sourceTree = "<group>";
		};
		E90B0A1B2C171F8D00D65BBE /* Preview Content */ = {
			isa = PBXGroup;
			children = (
				E90B0A1C2C171F8D00D65BBE /* Preview Assets.xcassets */,
			);
			path = "Preview Content";
			sourceTree = "<group>";
		};
		E96CEDE02C579A0E00896C0D /* Shared */ = {
			isa = PBXGroup;
			children = (
				1709ED362C45A22A00A83FF2 /* WorkoutManager.swift */,
				E96CEDE52C57A7C500896C0D /* WorkoutManagerWatchOS.swift */,
				E96CEDE32C57A07100896C0D /* WorkoutManageriOS.swift */,
				E9BFBABE2C58F9E600712627 /* ElapsedTimeView.swift */,
				E9BFBAC12C58FF7700712627 /* MetricsTimelineSchedule.swift */,
				E9FB34992C5A7D7C00ECBCA5 /* connectionManager.swift */,
				E96CEDE82C57AD2400896C0D /* Logger.swift */,
				E9BCCE782C5A477000C96FD9 /* UserIDManager.swift */,
				E96CEDEE2C57C72F00896C0D /* ButtonLabel.swift */,
			);
			path = Shared;
			sourceTree = "<group>";
		};
		E96CEDF12C57C91900896C0D /* pulseLLiOSApp */ = {
			isa = PBXGroup;
			children = (
				E90B0A372C1731C300D65BBE /* pulseLL.entitlements */,
				E9953FAC2C16FA070035C836 /* pulseLLApp.swift */,
				17626A422C413689006922C1 /* Views */,
			);
			path = pulseLLiOSApp;
			sourceTree = "<group>";
		};
		E9805FCB2C5BCED3006C7F19 /* WorkoutCards */ = {
			isa = PBXGroup;
			children = (
				E9805FCC2C5BCEFE006C7F19 /* workoutCardView.swift */,
				E9CF09692C5CE7D40081636D /* workoutCardHolderView.swift */,
				E9CF09672C5CE7760081636D /* workoutCardAudioView.swift */,
				E92C5F922C5CEE8E00820B47 /* testCard.swift */,
			);
			path = WorkoutCards;
			sourceTree = "<group>";
		};
		E9953FA02C16FA070035C836 = {
			isa = PBXGroup;
			children = (
				E9FDAA022C58E05B00249100 /* pulseLLWatch-Watch-App-Info.plist */,
				E9FDAA002C57D71B00249100 /* pulseLLWatch Watch App.entitlements */,
				E9953FAB2C16FA070035C836 /* pulseLL */,
				E9953FAA2C16FA070035C836 /* Products */,
			);
			sourceTree = "<group>";
		};
		E9953FAA2C16FA070035C836 /* Products */ = {
			isa = PBXGroup;
			children = (
				E9953FA92C16FA070035C836 /* pulseLL.app */,
				E90B0A132C171F8B00D65BBE /* pulseLLWatch Watch App.app */,
			);
			name = Products;
			sourceTree = "<group>";
		};
		E9953FAB2C16FA070035C836 /* pulseLL */ = {
			isa = PBXGroup;
			children = (
				E9FDAA012C57D73300249100 /* pulseLL.entitlements */,
				E90B0A392C17341400D65BBE /* Info.plist */,
				E96CEDE02C579A0E00896C0D /* Shared */,
				177D8BB02C45AA6600E1D144 /* Controller */,
				E96CEDF12C57C91900896C0D /* pulseLLiOSApp */,
				E90B0A142C171F8B00D65BBE /* pulseLLWatch Watch App */,
				17EA44822C41465D000F3AC4 /* Resources */,
				17626A432C413699006922C1 /* Models */,
				17626A452C4136B3006922C1 /* Utils */,
				E9953FB02C16FA0A0035C836 /* Assets.xcassets */,
				E9953FB22C16FA0A0035C836 /* Preview Content */,
			);
			path = pulseLL;
			sourceTree = "<group>";
		};
		E9953FB22C16FA0A0035C836 /* Preview Content */ = {
			isa = PBXGroup;
			children = (
				E9953FB32C16FA0A0035C836 /* Preview Assets.xcassets */,
				E90B0A312C172EF100D65BBE /* pulseLLTabView.swift */,
				E90B0A352C172F0B00D65BBE /* HeartRateView.swift */,
			);
			path = "Preview Content";
			sourceTree = "<group>";
		};
/* End PBXGroup section */

/* Begin PBXNativeTarget section */
		E90B0A122C171F8B00D65BBE /* pulseLLWatch Watch App */ = {
			isa = PBXNativeTarget;
			buildConfigurationList = E90B0A242C171F8D00D65BBE /* Build configuration list for PBXNativeTarget "pulseLLWatch Watch App" */;
			buildPhases = (
				E90B0A0F2C171F8B00D65BBE /* Sources */,
				E90B0A102C171F8B00D65BBE /* Frameworks */,
				E90B0A112C171F8B00D65BBE /* Resources */,
			);
			buildRules = (
			);
			dependencies = (
			);
			name = "pulseLLWatch Watch App";
			productName = "pulseLLWatch Watch App";
			productReference = E90B0A132C171F8B00D65BBE /* pulseLLWatch Watch App.app */;
			productType = "com.apple.product-type.application";
		};
		E9953FA82C16FA070035C836 /* pulseLL */ = {
			isa = PBXNativeTarget;
			buildConfigurationList = E9953FB72C16FA0A0035C836 /* Build configuration list for PBXNativeTarget "pulseLL" */;
			buildPhases = (
				E9953FA52C16FA070035C836 /* Sources */,
				E9953FA62C16FA070035C836 /* Frameworks */,
				E9953FA72C16FA070035C836 /* Resources */,
				E90B0A212C171F8D00D65BBE /* Embed Watch Content */,
			);
			buildRules = (
			);
			dependencies = (
				E90B0A1F2C171F8D00D65BBE /* PBXTargetDependency */,
			);
			name = pulseLL;
			packageProductDependencies = (
				17D399742C46FDC7005A9180 /* PolarBleSdk */,
			);
			productName = pulseLL;
			productReference = E9953FA92C16FA070035C836 /* pulseLL.app */;
			productType = "com.apple.product-type.application";
		};
/* End PBXNativeTarget section */

/* Begin PBXProject section */
		E9953FA12C16FA070035C836 /* Project object */ = {
			isa = PBXProject;
			attributes = {
				BuildIndependentTargetsInParallel = 1;
				LastSwiftUpdateCheck = 1540;
				LastUpgradeCheck = 1540;
				TargetAttributes = {
					E90B0A122C171F8B00D65BBE = {
						CreatedOnToolsVersion = 15.4;
					};
					E9953FA82C16FA070035C836 = {
						CreatedOnToolsVersion = 15.4;
					};
				};
			};
			buildConfigurationList = E9953FA42C16FA070035C836 /* Build configuration list for PBXProject "pulseLL" */;
			compatibilityVersion = "Xcode 14.0";
			developmentRegion = en;
			hasScannedForEncodings = 0;
			knownRegions = (
				en,
				Base,
			);
			mainGroup = E9953FA02C16FA070035C836;
			packageReferences = (
				17D399732C46FDC7005A9180 /* XCRemoteSwiftPackageReference "polar-ble-sdk" */,
			);
			productRefGroup = E9953FAA2C16FA070035C836 /* Products */;
			projectDirPath = "";
			projectRoot = "";
			targets = (
				E9953FA82C16FA070035C836 /* pulseLL */,
				E90B0A122C171F8B00D65BBE /* pulseLLWatch Watch App */,
			);
		};
/* End PBXProject section */

/* Begin PBXResourcesBuildPhase section */
		E90B0A112C171F8B00D65BBE /* Resources */ = {
			isa = PBXResourcesBuildPhase;
			buildActionMask = 2147483647;
			files = (
				E90B0A1D2C171F8D00D65BBE /* Preview Assets.xcassets in Resources */,
				E90B0A1A2C171F8D00D65BBE /* Assets.xcassets in Resources */,
			);
			runOnlyForDeploymentPostprocessing = 0;
		};
		E9953FA72C16FA070035C836 /* Resources */ = {
			isa = PBXResourcesBuildPhase;
			buildActionMask = 2147483647;
			files = (
				E9805FCF2C5BD505006C7F19 /* soundwave.png in Resources */,
				E9953FB42C16FA0A0035C836 /* Preview Assets.xcassets in Resources */,
				E9953FB12C16FA0A0035C836 /* Assets.xcassets in Resources */,
				17EA448A2C414B1A000F3AC4 /* recaps.json in Resources */,
			);
			runOnlyForDeploymentPostprocessing = 0;
		};
/* End PBXResourcesBuildPhase section */

/* Begin PBXSourcesBuildPhase section */
		E90B0A0F2C171F8B00D65BBE /* Sources */ = {
			isa = PBXSourcesBuildPhase;
			buildActionMask = 2147483647;
			files = (
				E96CEDF02C57C75500896C0D /* ButtonLabel.swift in Sources */,
				E90B0A182C171F8B00D65BBE /* ContentView.swift in Sources */,
				E9BFBAC32C58FF7700712627 /* MetricsTimelineSchedule.swift in Sources */,
				E9BFBAC02C58F9E600712627 /* ElapsedTimeView.swift in Sources */,
				E96CEDEB2C57B08200896C0D /* Logger.swift in Sources */,
				E9BCCE7A2C5A477000C96FD9 /* UserIDManager.swift in Sources */,
				17DC1F612C57E2EB0055F859 /* AppDelegate.swift in Sources */,
				E96CEDE72C57A7C500896C0D /* WorkoutManagerWatchOS.swift in Sources */,
				E96CEDEA2C57AF9900896C0D /* WorkoutManager.swift in Sources */,
				E90B0A282C171FCB00D65BBE /* iPhoneConnector.swift in Sources */,
				E96CEDED2C57C6D000896C0D /* ControlView.swift in Sources */,
				E90B0A162C171F8B00D65BBE /* pulseLLWatchApp.swift in Sources */,
			);
			runOnlyForDeploymentPostprocessing = 0;
		};
		E9953FA52C16FA070035C836 /* Sources */ = {
			isa = PBXSourcesBuildPhase;
			buildActionMask = 2147483647;
			files = (
				17B097F02C57CCB1009C71FA /* NetworkManager.swift in Sources */,
				176DECE32C5CDF6E00670EB5 /* UIUtils.swift in Sources */,
				E9953FAF2C16FA070035C836 /* HomeView.swift in Sources */,
				E96CEDEF2C57C72F00896C0D /* ButtonLabel.swift in Sources */,
				17EA44862C4146E5000F3AC4 /* Workout.swift in Sources */,
				17E3EBF72C4528A600F6ACB2 /* WorkoutView.swift in Sources */,
				17EA44812C4144F9000F3AC4 /* RecapList.swift in Sources */,
				17AB045E2C5BC8A0002F067B /* OnboardingMap.swift in Sources */,
				17E3EBFD2C4530CF00F6ACB2 /* WorkoutMap.swift in Sources */,
				E90B0A262C171FA900D65BBE /* WatchConnector.swift in Sources */,
				17E3EBFB2C45297000F6ACB2 /* WorkoutStats.swift in Sources */,
				1709ED372C45A22A00A83FF2 /* WorkoutManager.swift in Sources */,
				E90B0A322C172EF100D65BBE /* pulseLLTabView.swift in Sources */,
				172CAC7C2C58FF6E00B78C1F /* AudioStreamDecoder.swift in Sources */,
				17B097EE2C57CC6D009C71FA /* ServerModel.swift in Sources */,
				E9CF096A2C5CE7D40081636D /* workoutCardHolderView.swift in Sources */,
				172CAC7A2C58FD4F00B78C1F /* WebSocketManager.swift in Sources */,
				E9805FCD2C5BCEFE006C7F19 /* workoutCardView.swift in Sources */,
				E9BFBAC22C58FF7700712627 /* MetricsTimelineSchedule.swift in Sources */,
				1796163C2C4671D400A5B474 /* LocationManager.swift in Sources */,
				1709ED352C45A02100A83FF2 /* HealthKitUtils.swift in Sources */,
				17EA447D2C41436B000F3AC4 /* RecapItem.swift in Sources */,
				17E3EBF52C45254F00F6ACB2 /* OnboardingDropdown.swift in Sources */,
				17B097F22C57CCEE009C71FA /* RequestData.swift in Sources */,
				E9FB349A2C5A7D7C00ECBCA5 /* connectionManager.swift in Sources */,
				17E3EBFF2C45310700F6ACB2 /* WorkoutControl.swift in Sources */,
				E96CEDE42C57A07100896C0D /* WorkoutManageriOS.swift in Sources */,
				17EA44882C414AD8000F3AC4 /* ModelData.swift in Sources */,
				E92C5F932C5CEE8E00820B47 /* testCard.swift in Sources */,
				E9953FAD2C16FA070035C836 /* pulseLLApp.swift in Sources */,
				17D399772C470104005A9180 /* PolarAPI.swift in Sources */,
				176DECE52C5CE1E100670EB5 /* OnboardingLoadAnimation.swift in Sources */,
				E96CEDE92C57AD2400896C0D /* Logger.swift in Sources */,
				E90B0A362C172F0B00D65BBE /* HeartRateView.swift in Sources */,
				E9BCCE792C5A477000C96FD9 /* UserIDManager.swift in Sources */,
				E9CF09682C5CE7760081636D /* workoutCardAudioView.swift in Sources */,
				E9BFBABF2C58F9E600712627 /* ElapsedTimeView.swift in Sources */,
				17D399792C470BE9005A9180 /* DeviceSearchView.swift in Sources */,
				1787C78A2C5796700063EA53 /* AudioStreamManager.swift in Sources */,
				17E3EBF32C4522D100F6ACB2 /* OnboardingView.swift in Sources */,
			);
			runOnlyForDeploymentPostprocessing = 0;
		};
/* End PBXSourcesBuildPhase section */

/* Begin PBXTargetDependency section */
		E90B0A1F2C171F8D00D65BBE /* PBXTargetDependency */ = {
			isa = PBXTargetDependency;
			target = E90B0A122C171F8B00D65BBE /* pulseLLWatch Watch App */;
			targetProxy = E90B0A1E2C171F8D00D65BBE /* PBXContainerItemProxy */;
		};
/* End PBXTargetDependency section */

/* Begin XCBuildConfiguration section */
		E90B0A222C171F8D00D65BBE /* Debug */ = {
			isa = XCBuildConfiguration;
			buildSettings = {
				ASSETCATALOG_COMPILER_APPICON_NAME = AppIcon;
				ASSETCATALOG_COMPILER_GLOBAL_ACCENT_COLOR_NAME = AccentColor;
				CODE_SIGN_ENTITLEMENTS = "pulseLLWatch Watch App.entitlements";
				CODE_SIGN_IDENTITY = "Apple Development";
				CODE_SIGN_STYLE = Automatic;
				CURRENT_PROJECT_VERSION = 1;
				DEVELOPMENT_ASSET_PATHS = "\"pulseLL/pulseLLWatch Watch App/Preview Content\"";
				DEVELOPMENT_TEAM = FY482T2YCZ;
				ENABLE_PREVIEWS = YES;
				GENERATE_INFOPLIST_FILE = YES;
				INFOPLIST_FILE = "pulseLLWatch-Watch-App-Info.plist";
				INFOPLIST_KEY_CFBundleDisplayName = pulseLLWatch;
				INFOPLIST_KEY_NSHealthShareUsageDescription = "Your workout data is used to provide you with a custom song for your training";
				INFOPLIST_KEY_NSHealthUpdateUsageDescription = "Your workout data is used to provide you with a custom song for your training";
				INFOPLIST_KEY_UISupportedInterfaceOrientations = "UIInterfaceOrientationPortrait UIInterfaceOrientationPortraitUpsideDown";
				INFOPLIST_KEY_WKCompanionAppBundleIdentifier = de.pulseLL.pulseLLApp;
				LD_RUNPATH_SEARCH_PATHS = (
					"$(inherited)",
					"@executable_path/Frameworks",
				);
				MARKETING_VERSION = 1.0;
				PRODUCT_BUNDLE_IDENTIFIER = de.pulseLL.pulseLLApp.watchkitapp;
				PRODUCT_NAME = "$(TARGET_NAME)";
				PROVISIONING_PROFILE_SPECIFIER = "";
				SDKROOT = watchos;
				SKIP_INSTALL = YES;
				SWIFT_EMIT_LOC_STRINGS = YES;
				SWIFT_VERSION = 5.0;
				TARGETED_DEVICE_FAMILY = 4;
				WATCHOS_DEPLOYMENT_TARGET = 10.5;
			};
			name = Debug;
		};
		E90B0A232C171F8D00D65BBE /* Release */ = {
			isa = XCBuildConfiguration;
			buildSettings = {
				ASSETCATALOG_COMPILER_APPICON_NAME = AppIcon;
				ASSETCATALOG_COMPILER_GLOBAL_ACCENT_COLOR_NAME = AccentColor;
				CODE_SIGN_ENTITLEMENTS = "pulseLLWatch Watch App.entitlements";
				CODE_SIGN_IDENTITY = "Apple Development";
				CODE_SIGN_STYLE = Automatic;
				CURRENT_PROJECT_VERSION = 1;
				DEVELOPMENT_ASSET_PATHS = "\"pulseLL/pulseLLWatch Watch App/Preview Content\"";
				DEVELOPMENT_TEAM = FY482T2YCZ;
				ENABLE_PREVIEWS = YES;
				GENERATE_INFOPLIST_FILE = YES;
				INFOPLIST_FILE = "pulseLLWatch-Watch-App-Info.plist";
				INFOPLIST_KEY_CFBundleDisplayName = pulseLLWatch;
				INFOPLIST_KEY_NSHealthShareUsageDescription = "Your workout data is used to provide you with a custom song for your training";
				INFOPLIST_KEY_NSHealthUpdateUsageDescription = "Your workout data is used to provide you with a custom song for your training";
				INFOPLIST_KEY_UISupportedInterfaceOrientations = "UIInterfaceOrientationPortrait UIInterfaceOrientationPortraitUpsideDown";
				INFOPLIST_KEY_WKCompanionAppBundleIdentifier = de.pulseLL.pulseLLApp;
				LD_RUNPATH_SEARCH_PATHS = (
					"$(inherited)",
					"@executable_path/Frameworks",
				);
				MARKETING_VERSION = 1.0;
				PRODUCT_BUNDLE_IDENTIFIER = de.pulseLL.pulseLLApp.watchkitapp;
				PRODUCT_NAME = "$(TARGET_NAME)";
				PROVISIONING_PROFILE_SPECIFIER = "";
				SDKROOT = watchos;
				SKIP_INSTALL = YES;
				SWIFT_EMIT_LOC_STRINGS = YES;
				SWIFT_VERSION = 5.0;
				TARGETED_DEVICE_FAMILY = 4;
				WATCHOS_DEPLOYMENT_TARGET = 10.5;
			};
			name = Release;
		};
		E9953FB52C16FA0A0035C836 /* Debug */ = {
			isa = XCBuildConfiguration;
			buildSettings = {
				ALWAYS_SEARCH_USER_PATHS = NO;
				ASSETCATALOG_COMPILER_GENERATE_SWIFT_ASSET_SYMBOL_EXTENSIONS = YES;
				CLANG_ANALYZER_NONNULL = YES;
				CLANG_ANALYZER_NUMBER_OBJECT_CONVERSION = YES_AGGRESSIVE;
				CLANG_CXX_LANGUAGE_STANDARD = "gnu++20";
				CLANG_ENABLE_MODULES = YES;
				CLANG_ENABLE_OBJC_ARC = YES;
				CLANG_ENABLE_OBJC_WEAK = YES;
				CLANG_WARN_BLOCK_CAPTURE_AUTORELEASING = YES;
				CLANG_WARN_BOOL_CONVERSION = YES;
				CLANG_WARN_COMMA = YES;
				CLANG_WARN_CONSTANT_CONVERSION = YES;
				CLANG_WARN_DEPRECATED_OBJC_IMPLEMENTATIONS = YES;
				CLANG_WARN_DIRECT_OBJC_ISA_USAGE = YES_ERROR;
				CLANG_WARN_DOCUMENTATION_COMMENTS = YES;
				CLANG_WARN_EMPTY_BODY = YES;
				CLANG_WARN_ENUM_CONVERSION = YES;
				CLANG_WARN_INFINITE_RECURSION = YES;
				CLANG_WARN_INT_CONVERSION = YES;
				CLANG_WARN_NON_LITERAL_NULL_CONVERSION = YES;
				CLANG_WARN_OBJC_IMPLICIT_RETAIN_SELF = YES;
				CLANG_WARN_OBJC_LITERAL_CONVERSION = YES;
				CLANG_WARN_OBJC_ROOT_CLASS = YES_ERROR;
				CLANG_WARN_QUOTED_INCLUDE_IN_FRAMEWORK_HEADER = YES;
				CLANG_WARN_RANGE_LOOP_ANALYSIS = YES;
				CLANG_WARN_STRICT_PROTOTYPES = YES;
				CLANG_WARN_SUSPICIOUS_MOVE = YES;
				CLANG_WARN_UNGUARDED_AVAILABILITY = YES_AGGRESSIVE;
				CLANG_WARN_UNREACHABLE_CODE = YES;
				CLANG_WARN__DUPLICATE_METHOD_MATCH = YES;
				COPY_PHASE_STRIP = NO;
				DEBUG_INFORMATION_FORMAT = dwarf;
				ENABLE_STRICT_OBJC_MSGSEND = YES;
				ENABLE_TESTABILITY = YES;
				ENABLE_USER_SCRIPT_SANDBOXING = YES;
				GCC_C_LANGUAGE_STANDARD = gnu17;
				GCC_DYNAMIC_NO_PIC = NO;
				GCC_NO_COMMON_BLOCKS = YES;
				GCC_OPTIMIZATION_LEVEL = 0;
				GCC_PREPROCESSOR_DEFINITIONS = (
					"DEBUG=1",
					"$(inherited)",
				);
				GCC_WARN_64_TO_32_BIT_CONVERSION = YES;
				GCC_WARN_ABOUT_RETURN_TYPE = YES_ERROR;
				GCC_WARN_UNDECLARED_SELECTOR = YES;
				GCC_WARN_UNINITIALIZED_AUTOS = YES_AGGRESSIVE;
				GCC_WARN_UNUSED_FUNCTION = YES;
				GCC_WARN_UNUSED_VARIABLE = YES;
				IPHONEOS_DEPLOYMENT_TARGET = 17.5;
				LOCALIZATION_PREFERS_STRING_CATALOGS = YES;
				MTL_ENABLE_DEBUG_INFO = INCLUDE_SOURCE;
				MTL_FAST_MATH = YES;
				ONLY_ACTIVE_ARCH = YES;
				SDKROOT = iphoneos;
				SWIFT_ACTIVE_COMPILATION_CONDITIONS = "DEBUG $(inherited)";
				SWIFT_OPTIMIZATION_LEVEL = "-Onone";
			};
			name = Debug;
		};
		E9953FB62C16FA0A0035C836 /* Release */ = {
			isa = XCBuildConfiguration;
			buildSettings = {
				ALWAYS_SEARCH_USER_PATHS = NO;
				ASSETCATALOG_COMPILER_GENERATE_SWIFT_ASSET_SYMBOL_EXTENSIONS = YES;
				CLANG_ANALYZER_NONNULL = YES;
				CLANG_ANALYZER_NUMBER_OBJECT_CONVERSION = YES_AGGRESSIVE;
				CLANG_CXX_LANGUAGE_STANDARD = "gnu++20";
				CLANG_ENABLE_MODULES = YES;
				CLANG_ENABLE_OBJC_ARC = YES;
				CLANG_ENABLE_OBJC_WEAK = YES;
				CLANG_WARN_BLOCK_CAPTURE_AUTORELEASING = YES;
				CLANG_WARN_BOOL_CONVERSION = YES;
				CLANG_WARN_COMMA = YES;
				CLANG_WARN_CONSTANT_CONVERSION = YES;
				CLANG_WARN_DEPRECATED_OBJC_IMPLEMENTATIONS = YES;
				CLANG_WARN_DIRECT_OBJC_ISA_USAGE = YES_ERROR;
				CLANG_WARN_DOCUMENTATION_COMMENTS = YES;
				CLANG_WARN_EMPTY_BODY = YES;
				CLANG_WARN_ENUM_CONVERSION = YES;
				CLANG_WARN_INFINITE_RECURSION = YES;
				CLANG_WARN_INT_CONVERSION = YES;
				CLANG_WARN_NON_LITERAL_NULL_CONVERSION = YES;
				CLANG_WARN_OBJC_IMPLICIT_RETAIN_SELF = YES;
				CLANG_WARN_OBJC_LITERAL_CONVERSION = YES;
				CLANG_WARN_OBJC_ROOT_CLASS = YES_ERROR;
				CLANG_WARN_QUOTED_INCLUDE_IN_FRAMEWORK_HEADER = YES;
				CLANG_WARN_RANGE_LOOP_ANALYSIS = YES;
				CLANG_WARN_STRICT_PROTOTYPES = YES;
				CLANG_WARN_SUSPICIOUS_MOVE = YES;
				CLANG_WARN_UNGUARDED_AVAILABILITY = YES_AGGRESSIVE;
				CLANG_WARN_UNREACHABLE_CODE = YES;
				CLANG_WARN__DUPLICATE_METHOD_MATCH = YES;
				COPY_PHASE_STRIP = NO;
				DEBUG_INFORMATION_FORMAT = "dwarf-with-dsym";
				ENABLE_NS_ASSERTIONS = NO;
				ENABLE_STRICT_OBJC_MSGSEND = YES;
				ENABLE_USER_SCRIPT_SANDBOXING = YES;
				GCC_C_LANGUAGE_STANDARD = gnu17;
				GCC_NO_COMMON_BLOCKS = YES;
				GCC_WARN_64_TO_32_BIT_CONVERSION = YES;
				GCC_WARN_ABOUT_RETURN_TYPE = YES_ERROR;
				GCC_WARN_UNDECLARED_SELECTOR = YES;
				GCC_WARN_UNINITIALIZED_AUTOS = YES_AGGRESSIVE;
				GCC_WARN_UNUSED_FUNCTION = YES;
				GCC_WARN_UNUSED_VARIABLE = YES;
				IPHONEOS_DEPLOYMENT_TARGET = 17.5;
				LOCALIZATION_PREFERS_STRING_CATALOGS = YES;
				MTL_ENABLE_DEBUG_INFO = NO;
				MTL_FAST_MATH = YES;
				SDKROOT = iphoneos;
				SWIFT_COMPILATION_MODE = wholemodule;
				VALIDATE_PRODUCT = YES;
			};
			name = Release;
		};
		E9953FB82C16FA0A0035C836 /* Debug */ = {
			isa = XCBuildConfiguration;
			buildSettings = {
				ALWAYS_EMBED_SWIFT_STANDARD_LIBRARIES = YES;
				ASSETCATALOG_COMPILER_APPICON_NAME = AppIcon;
				ASSETCATALOG_COMPILER_GLOBAL_ACCENT_COLOR_NAME = AccentColor;
				CODE_SIGN_ENTITLEMENTS = pulseLL/pulseLL.entitlements;
				CODE_SIGN_IDENTITY = "Apple Development";
				CODE_SIGN_STYLE = Automatic;
				CURRENT_PROJECT_VERSION = 1;
				DEVELOPMENT_ASSET_PATHS = "\"pulseLL/Preview Content\"";
				DEVELOPMENT_TEAM = FY482T2YCZ;
				ENABLE_PREVIEWS = YES;
				GENERATE_INFOPLIST_FILE = YES;
				INFOPLIST_FILE = pulseLL/Info.plist;
				INFOPLIST_KEY_NSBluetoothAlwaysUsageDescription = "Use BLE to connect to heart rate sensor";
				INFOPLIST_KEY_NSHealthShareUsageDescription = "Your workout data is used to provide you with a custom song for your training";
				INFOPLIST_KEY_NSHealthUpdateUsageDescription = "Your workout data is used to provide you with a custom song for your training";
				INFOPLIST_KEY_NSLocationWhenInUseUsageDescription = "Your location is used to display travelded distance & personalise the song";
				INFOPLIST_KEY_UIApplicationSceneManifest_Generation = YES;
				INFOPLIST_KEY_UIApplicationSupportsIndirectInputEvents = YES;
				INFOPLIST_KEY_UILaunchScreen_Generation = YES;
				INFOPLIST_KEY_UISupportedInterfaceOrientations_iPad = "UIInterfaceOrientationPortrait UIInterfaceOrientationPortraitUpsideDown UIInterfaceOrientationLandscapeLeft UIInterfaceOrientationLandscapeRight";
				INFOPLIST_KEY_UISupportedInterfaceOrientations_iPhone = "UIInterfaceOrientationPortrait UIInterfaceOrientationLandscapeLeft UIInterfaceOrientationLandscapeRight";
				LD_RUNPATH_SEARCH_PATHS = (
					"$(inherited)",
					"@executable_path/Frameworks",
				);
				MARKETING_VERSION = 1.0;
				PRODUCT_BUNDLE_IDENTIFIER = de.pulseLL.pulseLLApp;
				PRODUCT_NAME = "$(TARGET_NAME)";
				PROVISIONING_PROFILE_SPECIFIER = "";
				SWIFT_EMIT_LOC_STRINGS = YES;
				SWIFT_VERSION = 5.0;
				TARGETED_DEVICE_FAMILY = "1,2";
			};
			name = Debug;
		};
		E9953FB92C16FA0A0035C836 /* Release */ = {
			isa = XCBuildConfiguration;
			buildSettings = {
				ALWAYS_EMBED_SWIFT_STANDARD_LIBRARIES = YES;
				ASSETCATALOG_COMPILER_APPICON_NAME = AppIcon;
				ASSETCATALOG_COMPILER_GLOBAL_ACCENT_COLOR_NAME = AccentColor;
				CODE_SIGN_ENTITLEMENTS = pulseLL/pulseLL.entitlements;
				CODE_SIGN_IDENTITY = "Apple Development";
				CODE_SIGN_STYLE = Automatic;
				CURRENT_PROJECT_VERSION = 1;
				DEVELOPMENT_ASSET_PATHS = "\"pulseLL/Preview Content\"";
				DEVELOPMENT_TEAM = FY482T2YCZ;
				ENABLE_PREVIEWS = YES;
				GENERATE_INFOPLIST_FILE = YES;
				INFOPLIST_FILE = pulseLL/Info.plist;
				INFOPLIST_KEY_NSBluetoothAlwaysUsageDescription = "Use BLE to connect to heart rate sensor";
				INFOPLIST_KEY_NSHealthShareUsageDescription = "Your workout data is used to provide you with a custom song for your training";
				INFOPLIST_KEY_NSHealthUpdateUsageDescription = "Your workout data is used to provide you with a custom song for your training";
				INFOPLIST_KEY_NSLocationWhenInUseUsageDescription = "Your location is used to display travelded distance & personalise the song";
				INFOPLIST_KEY_UIApplicationSceneManifest_Generation = YES;
				INFOPLIST_KEY_UIApplicationSupportsIndirectInputEvents = YES;
				INFOPLIST_KEY_UILaunchScreen_Generation = YES;
				INFOPLIST_KEY_UISupportedInterfaceOrientations_iPad = "UIInterfaceOrientationPortrait UIInterfaceOrientationPortraitUpsideDown UIInterfaceOrientationLandscapeLeft UIInterfaceOrientationLandscapeRight";
				INFOPLIST_KEY_UISupportedInterfaceOrientations_iPhone = "UIInterfaceOrientationPortrait UIInterfaceOrientationLandscapeLeft UIInterfaceOrientationLandscapeRight";
				LD_RUNPATH_SEARCH_PATHS = (
					"$(inherited)",
					"@executable_path/Frameworks",
				);
				MARKETING_VERSION = 1.0;
				PRODUCT_BUNDLE_IDENTIFIER = de.pulseLL.pulseLLApp;
				PRODUCT_NAME = "$(TARGET_NAME)";
				PROVISIONING_PROFILE_SPECIFIER = "";
				SWIFT_EMIT_LOC_STRINGS = YES;
				SWIFT_VERSION = 5.0;
				TARGETED_DEVICE_FAMILY = "1,2";
			};
			name = Release;
		};
/* End XCBuildConfiguration section */

/* Begin XCConfigurationList section */
		E90B0A242C171F8D00D65BBE /* Build configuration list for PBXNativeTarget "pulseLLWatch Watch App" */ = {
			isa = XCConfigurationList;
			buildConfigurations = (
				E90B0A222C171F8D00D65BBE /* Debug */,
				E90B0A232C171F8D00D65BBE /* Release */,
			);
			defaultConfigurationIsVisible = 0;
			defaultConfigurationName = Release;
		};
		E9953FA42C16FA070035C836 /* Build configuration list for PBXProject "pulseLL" */ = {
			isa = XCConfigurationList;
			buildConfigurations = (
				E9953FB52C16FA0A0035C836 /* Debug */,
				E9953FB62C16FA0A0035C836 /* Release */,
			);
			defaultConfigurationIsVisible = 0;
			defaultConfigurationName = Release;
		};
		E9953FB72C16FA0A0035C836 /* Build configuration list for PBXNativeTarget "pulseLL" */ = {
			isa = XCConfigurationList;
			buildConfigurations = (
				E9953FB82C16FA0A0035C836 /* Debug */,
				E9953FB92C16FA0A0035C836 /* Release */,
			);
			defaultConfigurationIsVisible = 0;
			defaultConfigurationName = Release;
		};
/* End XCConfigurationList section */

/* Begin XCRemoteSwiftPackageReference section */
		17D399732C46FDC7005A9180 /* XCRemoteSwiftPackageReference "polar-ble-sdk" */ = {
			isa = XCRemoteSwiftPackageReference;
			repositoryURL = "https://github.com/polarofficial/polar-ble-sdk.git";
			requirement = {
				kind = upToNextMinorVersion;
				minimumVersion = 5.5.0;
			};
		};
/* End XCRemoteSwiftPackageReference section */

/* Begin XCSwiftPackageProductDependency section */
		17D399742C46FDC7005A9180 /* PolarBleSdk */ = {
			isa = XCSwiftPackageProductDependency;
			package = 17D399732C46FDC7005A9180 /* XCRemoteSwiftPackageReference "polar-ble-sdk" */;
			productName = PolarBleSdk;
		};
/* End XCSwiftPackageProductDependency section */
	};
	rootObject = E9953FA12C16FA070035C836 /* Project object */;
}
